
Microsoft Visual Studio Solution File, Format Version 12.00
# Visual Studio Version 16
VisualStudioVersion = 16.0.30413.136
MinimumVisualStudioVersion = 10.0.40219.1
Project("{FAE04EC0-301F-11D3-BF4B-00C04F79EFBC}") = "GitTest", "GitTest\GitTest.csproj", "{4D01FC50-0B05-44EE-A635-5879014387B3}"
EndProject
Global
	GlobalSection(SolutionConfigurationPlatforms) = preSolution
		Debug|Any CPU = Debug|Any CPU
		Release|Any CPU = Release|Any CPU
	EndGlobalSection
	GlobalSection(ProjectConfigurationPlatforms) = postSolution
		{4D01FC50-0B05-44EE-A635-5879014387B3}.Debug|Any CPU.ActiveCfg = Debug|Any CPU
		{4D01FC50-0B05-44EE-A635-5879014387B3}.Debug|Any CPU.Build.0 = Debug|Any CPU
		{4D01FC50-0B05-44EE-A635-5879014387B3}.Release|Any CPU.ActiveCfg = Release|Any CPU
		{4D01FC50-0B05-44EE-A635-5879014387B3}.Release|Any CPU.Build.0 = Release|Any CPU
	EndGlobalSection
	GlobalSection(SolutionProperties) = preSolution
		HideSolutionNode = FALSE
	EndGlobalSection
	GlobalSection(ExtensibilityGlobals) = postSolution
		SolutionGuid = {5A0E0AED-AA6A-48C8-A119-6975D9C57459}
	EndGlobalSection
EndGlobal
